// !$*UTF8*$!
{
	archiveVersion = 1;
	classes = {
	};
	objectVersion = 55;
	objects = {

/* Begin PBXBuildFile section */
		034D535428AA595E00559467 /* MoonshotApp.swift in Sources */ = {isa = PBXBuildFile; fileRef = 034D535328AA595E00559467 /* MoonshotApp.swift */; };
		034D535628AA595E00559467 /* ContentView.swift in Sources */ = {isa = PBXBuildFile; fileRef = 034D535528AA595E00559467 /* ContentView.swift */; };
		034D535828AA596000559467 /* Assets.xcassets in Resources */ = {isa = PBXBuildFile; fileRef = 034D535728AA596000559467 /* Assets.xcassets */; };
		034D535B28AA596000559467 /* Preview Assets.xcassets in Resources */ = {isa = PBXBuildFile; fileRef = 034D535A28AA596000559467 /* Preview Assets.xcassets */; };
		034E099128AF7677003C1366 /* GoogleService-Info.plist in Resources */ = {isa = PBXBuildFile; fileRef = 034E099028AF7677003C1366 /* GoogleService-Info.plist */; };
		034E099328AF9317003C1366 /* JSONStruct.swift in Sources */ = {isa = PBXBuildFile; fileRef = 034E099228AF9317003C1366 /* JSONStruct.swift */; };
		034E099528AF93CC003C1366 /* Bundle-Decodable.swift in Sources */ = {isa = PBXBuildFile; fileRef = 034E099428AF93CC003C1366 /* Bundle-Decodable.swift */; };
		034E099828AF98A9003C1366 /* astronauts.json in Resources */ = {isa = PBXBuildFile; fileRef = 034E099628AF98A9003C1366 /* astronauts.json */; };
		034E099928AF98A9003C1366 /* missions.json in Resources */ = {isa = PBXBuildFile; fileRef = 034E099728AF98A9003C1366 /* missions.json */; };
		034E099B28AFA84C003C1366 /* Color-Theme.swift in Sources */ = {isa = PBXBuildFile; fileRef = 034E099A28AFA84C003C1366 /* Color-Theme.swift */; };
		034E099D28AFB1F2003C1366 /* MissionView.swift in Sources */ = {isa = PBXBuildFile; fileRef = 034E099C28AFB1F2003C1366 /* MissionView.swift */; };
		03DB22DC28B25F5000F593FC /* AstronautView.swift in Sources */ = {isa = PBXBuildFile; fileRef = 03DB22DB28B25F5000F593FC /* AstronautView.swift */; };
		0C6E50176FBAF729324CD72E /* Pods_Moonshot.framework in Frameworks */ = {isa = PBXBuildFile; fileRef = 4FEACCA89CADB4805777F710 /* Pods_Moonshot.framework */; };
/* End PBXBuildFile section */

/* Begin PBXFileReference section */
		034D535028AA595E00559467 /* Moonshot.app */ = {isa = PBXFileReference; explicitFileType = wrapper.application; includeInIndex = 0; path = Moonshot.app; sourceTree = BUILT_PRODUCTS_DIR; };
		034D535328AA595E00559467 /* MoonshotApp.swift */ = {isa = PBXFileReference; lastKnownFileType = sourcecode.swift; path = MoonshotApp.swift; sourceTree = "<group>"; };
		034D535528AA595E00559467 /* ContentView.swift */ = {isa = PBXFileReference; lastKnownFileType = sourcecode.swift; path = ContentView.swift; sourceTree = "<group>"; };
		034D535728AA596000559467 /* Assets.xcassets */ = {isa = PBXFileReference; lastKnownFileType = folder.assetcatalog; path = Assets.xcassets; sourceTree = "<group>"; };
		034D535A28AA596000559467 /* Preview Assets.xcassets */ = {isa = PBXFileReference; lastKnownFileType = folder.assetcatalog; path = "Preview Assets.xcassets"; sourceTree = "<group>"; };
		034E099028AF7677003C1366 /* GoogleService-Info.plist */ = {isa = PBXFileReference; lastKnownFileType = text.plist; path = "GoogleService-Info.plist"; sourceTree = SOURCE_ROOT; };
		034E099228AF9317003C1366 /* JSONStruct.swift */ = {isa = PBXFileReference; lastKnownFileType = sourcecode.swift; path = JSONStruct.swift; sourceTree = "<group>"; };
		034E099428AF93CC003C1366 /* Bundle-Decodable.swift */ = {isa = PBXFileReference; lastKnownFileType = sourcecode.swift; path = "Bundle-Decodable.swift"; sourceTree = "<group>"; };
		034E099628AF98A9003C1366 /* astronauts.json */ = {isa = PBXFileReference; fileEncoding = 4; lastKnownFileType = text.json; name = astronauts.json; path = "project8-files/astronauts.json"; sourceTree = SOURCE_ROOT; };
		034E099728AF98A9003C1366 /* missions.json */ = {isa = PBXFileReference; fileEncoding = 4; lastKnownFileType = text.json; name = missions.json; path = "project8-files/missions.json"; sourceTree = SOURCE_ROOT; };
		034E099A28AFA84C003C1366 /* Color-Theme.swift */ = {isa = PBXFileReference; lastKnownFileType = sourcecode.swift; path = "Color-Theme.swift"; sourceTree = "<group>"; };
		034E099C28AFB1F2003C1366 /* MissionView.swift */ = {isa = PBXFileReference; lastKnownFileType = sourcecode.swift; path = MissionView.swift; sourceTree = "<group>"; };
		03DB22DB28B25F5000F593FC /* AstronautView.swift */ = {isa = PBXFileReference; lastKnownFileType = sourcecode.swift; path = AstronautView.swift; sourceTree = "<group>"; };
		3B964AFEADD18DA0505C112D /* Pods-Moonshot.debug.xcconfig */ = {isa = PBXFileReference; includeInIndex = 1; lastKnownFileType = text.xcconfig; name = "Pods-Moonshot.debug.xcconfig"; path = "Target Support Files/Pods-Moonshot/Pods-Moonshot.debug.xcconfig"; sourceTree = "<group>"; };
		4CF293A1E7314751F09B53C6 /* Pods-Moonshot.release.xcconfig */ = {isa = PBXFileReference; includeInIndex = 1; lastKnownFileType = text.xcconfig; name = "Pods-Moonshot.release.xcconfig"; path = "Target Support Files/Pods-Moonshot/Pods-Moonshot.release.xcconfig"; sourceTree = "<group>"; };
		4FEACCA89CADB4805777F710 /* Pods_Moonshot.framework */ = {isa = PBXFileReference; explicitFileType = wrapper.framework; includeInIndex = 0; path = Pods_Moonshot.framework; sourceTree = BUILT_PRODUCTS_DIR; };
/* End PBXFileReference section */

/* Begin PBXFrameworksBuildPhase section */
		034D534D28AA595E00559467 /* Frameworks */ = {
			isa = PBXFrameworksBuildPhase;
			buildActionMask = 2147483647;
			files = (
				0C6E50176FBAF729324CD72E /* Pods_Moonshot.framework in Frameworks */,
			);
			runOnlyForDeploymentPostprocessing = 0;
		};
/* End PBXFrameworksBuildPhase section */

/* Begin PBXGroup section */
		034D534728AA595E00559467 = {
			isa = PBXGroup;
			children = (
				034D535228AA595E00559467 /* Moonshot */,
				034D535128AA595E00559467 /* Products */,
				F29D26AE9C30A5AF761EFC77 /* Pods */,
				DE78643CE3FC11A27EE891CA /* Frameworks */,
			);
			sourceTree = "<group>";
		};
		034D535128AA595E00559467 /* Products */ = {
			isa = PBXGroup;
			children = (
				034D535028AA595E00559467 /* Moonshot.app */,
			);
			name = Products;
			sourceTree = "<group>";
		};
		034D535228AA595E00559467 /* Moonshot */ = {
			isa = PBXGroup;
			children = (
				034D535328AA595E00559467 /* MoonshotApp.swift */,
				034D535528AA595E00559467 /* ContentView.swift */,
				034E099A28AFA84C003C1366 /* Color-Theme.swift */,
				034E099228AF9317003C1366 /* JSONStruct.swift */,
				034E099C28AFB1F2003C1366 /* MissionView.swift */,
				03DB22DB28B25F5000F593FC /* AstronautView.swift */,
				034E099428AF93CC003C1366 /* Bundle-Decodable.swift */,
				034E099628AF98A9003C1366 /* astronauts.json */,
				034E099728AF98A9003C1366 /* missions.json */,
				034E099028AF7677003C1366 /* GoogleService-Info.plist */,
				034D535728AA596000559467 /* Assets.xcassets */,
				034D535928AA596000559467 /* Preview Content */,
			);
			path = Moonshot;
			sourceTree = "<group>";
		};
		034D535928AA596000559467 /* Preview Content */ = {
			isa = PBXGroup;
			children = (
				034D535A28AA596000559467 /* Preview Assets.xcassets */,
			);
			path = "Preview Content";
			sourceTree = "<group>";
		};
		DE78643CE3FC11A27EE891CA /* Frameworks */ = {
			isa = PBXGroup;
			children = (
				4FEACCA89CADB4805777F710 /* Pods_Moonshot.framework */,
			);
			name = Frameworks;
			sourceTree = "<group>";
		};
		F29D26AE9C30A5AF761EFC77 /* Pods */ = {
			isa = PBXGroup;
			children = (
				3B964AFEADD18DA0505C112D /* Pods-Moonshot.debug.xcconfig */,
				4CF293A1E7314751F09B53C6 /* Pods-Moonshot.release.xcconfig */,
			);
			path = Pods;
			sourceTree = "<group>";
		};
/* End PBXGroup section */

/* Begin PBXNativeTarget section */
		034D534F28AA595E00559467 /* Moonshot */ = {
			isa = PBXNativeTarget;
			buildConfigurationList = 034D535E28AA596000559467 /* Build configuration list for PBXNativeTarget "Moonshot" */;
			buildPhases = (
				B18BEC666B6DC05191943EA3 /* [CP] Check Pods Manifest.lock */,
				034D534C28AA595E00559467 /* Sources */,
				034D534D28AA595E00559467 /* Frameworks */,
				034D534E28AA595E00559467 /* Resources */,
				FD06EE2478C27C3474E711F1 /* [CP] Embed Pods Frameworks */,
			);
			buildRules = (
			);
			dependencies = (
			);
			name = Moonshot;
			productName = Moonshot;
			productReference = 034D535028AA595E00559467 /* Moonshot.app */;
			productType = "com.apple.product-type.application";
		};
/* End PBXNativeTarget section */

/* Begin PBXProject section */
		034D534828AA595E00559467 /* Project object */ = {
			isa = PBXProject;
			attributes = {
				BuildIndependentTargetsInParallel = 1;
				LastSwiftUpdateCheck = 1330;
				LastUpgradeCheck = 1330;
				TargetAttributes = {
					034D534F28AA595E00559467 = {
						CreatedOnToolsVersion = 13.3.1;
					};
				};
			};
			buildConfigurationList = 034D534B28AA595E00559467 /* Build configuration list for PBXProject "Moonshot" */;
			compatibilityVersion = "Xcode 13.0";
			developmentRegion = en;
			hasScannedForEncodings = 0;
			knownRegions = (
				en,
				Base,
			);
			mainGroup = 034D534728AA595E00559467;
			productRefGroup = 034D535128AA595E00559467 /* Products */;
			projectDirPath = "";
			projectRoot = "";
			targets = (
				034D534F28AA595E00559467 /* Moonshot */,
			);
		};
/* End PBXProject section */

/* Begin PBXResourcesBuildPhase section */
		034D534E28AA595E00559467 /* Resources */ = {
			isa = PBXResourcesBuildPhase;
			buildActionMask = 2147483647;
			files = (
				034D535B28AA596000559467 /* Preview Assets.xcassets in Resources */,
				034E099928AF98A9003C1366 /* missions.json in Resources */,
				034D535828AA596000559467 /* Assets.xcassets in Resources */,
				034E099128AF7677003C1366 /* GoogleService-Info.plist in Resources */,
				034E099828AF98A9003C1366 /* astronauts.json in Resources */,
			);
			runOnlyForDeploymentPostprocessing = 0;
		};
/* End PBXResourcesBuildPhase section */

/* Begin PBXShellScriptBuildPhase section */
		B18BEC666B6DC05191943EA3 /* [CP] Check Pods Manifest.lock */ = {
			isa = PBXShellScriptBuildPhase;
			buildActionMask = 2147483647;
			files = (
			);
			inputFileListPaths = (
			);
			inputPaths = (
				"${PODS_PODFILE_DIR_PATH}/Podfile.lock",
				"${PODS_ROOT}/Manifest.lock",
			);
			name = "[CP] Check Pods Manifest.lock";
			outputFileListPaths = (
			);
			outputPaths = (
				"$(DERIVED_FILE_DIR)/Pods-Moonshot-checkManifestLockResult.txt",
			);
			runOnlyForDeploymentPostprocessing = 0;
			shellPath = /bin/sh;
			shellScript = "diff \"${PODS_PODFILE_DIR_PATH}/Podfile.lock\" \"${PODS_ROOT}/Manifest.lock\" > /dev/null\nif [ $? != 0 ] ; then\n    # print error to STDERR\n    echo \"error: The sandbox is not in sync with the Podfile.lock. Run 'pod install' or update your CocoaPods installation.\" >&2\n    exit 1\nfi\n# This output is used by Xcode 'outputs' to avoid re-running this script phase.\necho \"SUCCESS\" > \"${SCRIPT_OUTPUT_FILE_0}\"\n";
			showEnvVarsInLog = 0;
		};
		FD06EE2478C27C3474E711F1 /* [CP] Embed Pods Frameworks */ = {
			isa = PBXShellScriptBuildPhase;
			buildActionMask = 2147483647;
			files = (
			);
			inputFileListPaths = (
				"${PODS_ROOT}/Target Support Files/Pods-Moonshot/Pods-Moonshot-frameworks-${CONFIGURATION}-input-files.xcfilelist",
			);
			name = "[CP] Embed Pods Frameworks";
			outputFileListPaths = (
				"${PODS_ROOT}/Target Support Files/Pods-Moonshot/Pods-Moonshot-frameworks-${CONFIGURATION}-output-files.xcfilelist",
			);
			runOnlyForDeploymentPostprocessing = 0;
			shellPath = /bin/sh;
			shellScript = "\"${PODS_ROOT}/Target Support Files/Pods-Moonshot/Pods-Moonshot-frameworks.sh\"\n";
			showEnvVarsInLog = 0;
		};
/* End PBXShellScriptBuildPhase section */

/* Begin PBXSourcesBuildPhase section */
		034D534C28AA595E00559467 /* Sources */ = {
			isa = PBXSourcesBuildPhase;
			buildActionMask = 2147483647;
			files = (
				03DB22DC28B25F5000F593FC /* AstronautView.swift in Sources */,
				034D535628AA595E00559467 /* ContentView.swift in Sources */,
				034D535428AA595E00559467 /* MoonshotApp.swift in Sources */,
				034E099328AF9317003C1366 /* JSONStruct.swift in Sources */,
				034E099528AF93CC003C1366 /* Bundle-Decodable.swift in Sources */,
				034E099B28AFA84C003C1366 /* Color-Theme.swift in Sources */,
				034E099D28AFB1F2003C1366 /* MissionView.swift in Sources */,
			);
			runOnlyForDeploymentPostprocessing = 0;
		};
/* End PBXSourcesBuildPhase section */

/* Begin XCBuildConfiguration section */
		034D535C28AA596000559467 /* Debug */ = {
			isa = XCBuildConfiguration;
			buildSettings = {
				ALWAYS_SEARCH_USER_PATHS = NO;
				CLANG_ANALYZER_NONNULL = YES;
				CLANG_ANALYZER_NUMBER_OBJECT_CONVERSION = YES_AGGRESSIVE;
				CLANG_CXX_LANGUAGE_STANDARD = "gnu++17";
				CLANG_ENABLE_MODULES = YES;
				CLANG_ENABLE_OBJC_ARC = YES;
				CLANG_ENABLE_OBJC_WEAK = YES;
				CLANG_WARN_BLOCK_CAPTURE_AUTORELEASING = YES;
				CLANG_WARN_BOOL_CONVERSION = YES;
				CLANG_WARN_COMMA = YES;
				CLANG_WARN_CONSTANT_CONVERSION = YES;
				CLANG_WARN_DEPRECATED_OBJC_IMPLEMENTATIONS = YES;
				CLANG_WARN_DIRECT_OBJC_ISA_USAGE = YES_ERROR;
				CLANG_WARN_DOCUMENTATION_COMMENTS = YES;
				CLANG_WARN_EMPTY_BODY = YES;
				CLANG_WARN_ENUM_CONVERSION = YES;
				CLANG_WARN_INFINITE_RECURSION = YES;
				CLANG_WARN_INT_CONVERSION = YES;
				CLANG_WARN_NON_LITERAL_NULL_CONVERSION = YES;
				CLANG_WARN_OBJC_IMPLICIT_RETAIN_SELF = YES;
				CLANG_WARN_OBJC_LITERAL_CONVERSION = YES;
				CLANG_WARN_OBJC_ROOT_CLASS = YES_ERROR;
				CLANG_WARN_QUOTED_INCLUDE_IN_FRAMEWORK_HEADER = YES;
				CLANG_WARN_RANGE_LOOP_ANALYSIS = YES;
				CLANG_WARN_STRICT_PROTOTYPES = YES;
				CLANG_WARN_SUSPICIOUS_MOVE = YES;
				CLANG_WARN_UNGUARDED_AVAILABILITY = YES_AGGRESSIVE;
				CLANG_WARN_UNREACHABLE_CODE = YES;
				CLANG_WARN__DUPLICATE_METHOD_MATCH = YES;
				COPY_PHASE_STRIP = NO;
				DEBUG_INFORMATION_FORMAT = dwarf;
				ENABLE_STRICT_OBJC_MSGSEND = YES;
				ENABLE_TESTABILITY = YES;
				GCC_C_LANGUAGE_STANDARD = gnu11;
				GCC_DYNAMIC_NO_PIC = NO;
				GCC_NO_COMMON_BLOCKS = YES;
				GCC_OPTIMIZATION_LEVEL = 0;
				GCC_PREPROCESSOR_DEFINITIONS = (
					"DEBUG=1",
					"$(inherited)",
				);
				GCC_WARN_64_TO_32_BIT_CONVERSION = YES;
				GCC_WARN_ABOUT_RETURN_TYPE = YES_ERROR;
				GCC_WARN_UNDECLARED_SELECTOR = YES;
				GCC_WARN_UNINITIALIZED_AUTOS = YES_AGGRESSIVE;
				GCC_WARN_UNUSED_FUNCTION = YES;
				GCC_WARN_UNUSED_VARIABLE = YES;
				IPHONEOS_DEPLOYMENT_TARGET = 15.4;
				MTL_ENABLE_DEBUG_INFO = INCLUDE_SOURCE;
				MTL_FAST_MATH = YES;
				ONLY_ACTIVE_ARCH = YES;
				SDKROOT = iphoneos;
				SWIFT_ACTIVE_COMPILATION_CONDITIONS = DEBUG;
				SWIFT_OPTIMIZATION_LEVEL = "-Onone";
			};
			name = Debug;
		};
		034D535D28AA596000559467 /* Release */ = {
			isa = XCBuildConfiguration;
			buildSettings = {
				ALWAYS_SEARCH_USER_PATHS = NO;
				CLANG_ANALYZER_NONNULL = YES;
				CLANG_ANALYZER_NUMBER_OBJECT_CONVERSION = YES_AGGRESSIVE;
				CLANG_CXX_LANGUAGE_STANDARD = "gnu++17";
				CLANG_ENABLE_MODULES = YES;
				CLANG_ENABLE_OBJC_ARC = YES;
				CLANG_ENABLE_OBJC_WEAK = YES;
				CLANG_WARN_BLOCK_CAPTURE_AUTORELEASING = YES;
				CLANG_WARN_BOOL_CONVERSION = YES;
				CLANG_WARN_COMMA = YES;
				CLANG_WARN_CONSTANT_CONVERSION = YES;
				CLANG_WARN_DEPRECATED_OBJC_IMPLEMENTATIONS = YES;
				CLANG_WARN_DIRECT_OBJC_ISA_USAGE = YES_ERROR;
				CLANG_WARN_DOCUMENTATION_COMMENTS = YES;
				CLANG_WARN_EMPTY_BODY = YES;
				CLANG_WARN_ENUM_CONVERSION = YES;
				CLANG_WARN_INFINITE_RECURSION = YES;
				CLANG_WARN_INT_CONVERSION = YES;
				CLANG_WARN_NON_LITERAL_NULL_CONVERSION = YES;
				CLANG_WARN_OBJC_IMPLICIT_RETAIN_SELF = YES;
				CLANG_WARN_OBJC_LITERAL_CONVERSION = YES;
				CLANG_WARN_OBJC_ROOT_CLASS = YES_ERROR;
				CLANG_WARN_QUOTED_INCLUDE_IN_FRAMEWORK_HEADER = YES;
				CLANG_WARN_RANGE_LOOP_ANALYSIS = YES;
				CLANG_WARN_STRICT_PROTOTYPES = YES;
				CLANG_WARN_SUSPICIOUS_MOVE = YES;
				CLANG_WARN_UNGUARDED_AVAILABILITY = YES_AGGRESSIVE;
				CLANG_WARN_UNREACHABLE_CODE = YES;
				CLANG_WARN__DUPLICATE_METHOD_MATCH = YES;
				COPY_PHASE_STRIP = NO;
				DEBUG_INFORMATION_FORMAT = "dwarf-with-dsym";
				ENABLE_NS_ASSERTIONS = NO;
				ENABLE_STRICT_OBJC_MSGSEND = YES;
				GCC_C_LANGUAGE_STANDARD = gnu11;
				GCC_NO_COMMON_BLOCKS = YES;
				GCC_WARN_64_TO_32_BIT_CONVERSION = YES;
				GCC_WARN_ABOUT_RETURN_TYPE = YES_ERROR;
				GCC_WARN_UNDECLARED_SELECTOR = YES;
				GCC_WARN_UNINITIALIZED_AUTOS = YES_AGGRESSIVE;
				GCC_WARN_UNUSED_FUNCTION = YES;
				GCC_WARN_UNUSED_VARIABLE = YES;
				IPHONEOS_DEPLOYMENT_TARGET = 15.4;
				MTL_ENABLE_DEBUG_INFO = NO;
				MTL_FAST_MATH = YES;
				SDKROOT = iphoneos;
				SWIFT_COMPILATION_MODE = wholemodule;
				SWIFT_OPTIMIZATION_LEVEL = "-O";
				VALIDATE_PRODUCT = YES;
			};
			name = Release;
		};
		034D535F28AA596000559467 /* Debug */ = {
			isa = XCBuildConfiguration;
			baseConfigurationReference = 3B964AFEADD18DA0505C112D /* Pods-Moonshot.debug.xcconfig */;
			buildSettings = {
				ASSETCATALOG_COMPILER_APPICON_NAME = AppIcon;
				ASSETCATALOG_COMPILER_GLOBAL_ACCENT_COLOR_NAME = AccentColor;
				CODE_SIGN_STYLE = Automatic;
				CURRENT_PROJECT_VERSION = 1;
				DEVELOPMENT_ASSET_PATHS = "\"Moonshot/Preview Content\"";
				ENABLE_PREVIEWS = YES;
				GENERATE_INFOPLIST_FILE = YES;
				INFOPLIST_KEY_UIApplicationSceneManifest_Generation = YES;
				INFOPLIST_KEY_UIApplicationSupportsIndirectInputEvents = YES;
				INFOPLIST_KEY_UILaunchScreen_Generation = YES;
				INFOPLIST_KEY_UISupportedInterfaceOrientations_iPad = "UIInterfaceOrientationPortrait UIInterfaceOrientationPortraitUpsideDown UIInterfaceOrientationLandscapeLeft UIInterfaceOrientationLandscapeRight";
				INFOPLIST_KEY_UISupportedInterfaceOrientations_iPhone = "UIInterfaceOrientationPortrait UIInterfaceOrientationLandscapeLeft UIInterfaceOrientationLandscapeRight";
				LD_RUNPATH_SEARCH_PATHS = (
					"$(inherited)",
					"@executable_path/Frameworks",
				);
				MARKETING_VERSION = 1.0;
				PRODUCT_BUNDLE_IDENTIFIER = com.hamidreza.Moonshot;
				PRODUCT_NAME = "$(TARGET_NAME)";
				SWIFT_EMIT_LOC_STRINGS = YES;
				SWIFT_VERSION = 5.0;
				TARGETED_DEVICE_FAMILY = "1,2";
			};
			name = Debug;
		};
		034D536028AA596000559467 /* Release */ = {
			isa = XCBuildConfiguration;
			baseConfigurationReference = 4CF293A1E7314751F09B53C6 /* Pods-Moonshot.release.xcconfig */;
			buildSettings = {
				ASSETCATALOG_COMPILER_APPICON_NAME = AppIcon;
				ASSETCATALOG_COMPILER_GLOBAL_ACCENT_COLOR_NAME = AccentColor;
				CODE_SIGN_STYLE = Automatic;
				CURRENT_PROJECT_VERSION = 1;
				DEVELOPMENT_ASSET_PATHS = "\"Moonshot/Preview Content\"";
				ENABLE_PREVIEWS = YES;
				GENERATE_INFOPLIST_FILE = YES;
				INFOPLIST_KEY_UIApplicationSceneManifest_Generation = YES;
				INFOPLIST_KEY_UIApplicationSupportsIndirectInputEvents = YES;
				INFOPLIST_KEY_UILaunchScreen_Generation = YES;
				INFOPLIST_KEY_UISupportedInterfaceOrientations_iPad = "UIInterfaceOrientationPortrait UIInterfaceOrientationPortraitUpsideDown UIInterfaceOrientationLandscapeLeft UIInterfaceOrientationLandscapeRight";
				INFOPLIST_KEY_UISupportedInterfaceOrientations_iPhone = "UIInterfaceOrientationPortrait UIInterfaceOrientationLandscapeLeft UIInterfaceOrientationLandscapeRight";
				LD_RUNPATH_SEARCH_PATHS = (
					"$(inherited)",
					"@executable_path/Frameworks",
				);
				MARKETING_VERSION = 1.0;
				PRODUCT_BUNDLE_IDENTIFIER = com.hamidreza.Moonshot;
				PRODUCT_NAME = "$(TARGET_NAME)";
				SWIFT_EMIT_LOC_STRINGS = YES;
				SWIFT_VERSION = 5.0;
				TARGETED_DEVICE_FAMILY = "1,2";
			};
			name = Release;
		};
/* End XCBuildConfiguration section */

/* Begin XCConfigurationList section */
		034D534B28AA595E00559467 /* Build configuration list for PBXProject "Moonshot" */ = {
			isa = XCConfigurationList;
			buildConfigurations = (
				034D535C28AA596000559467 /* Debug */,
				034D535D28AA596000559467 /* Release */,
			);
			defaultConfigurationIsVisible = 0;
			defaultConfigurationName = Release;
		};
		034D535E28AA596000559467 /* Build configuration list for PBXNativeTarget "Moonshot" */ = {
			isa = XCConfigurationList;
			buildConfigurations = (
				034D535F28AA596000559467 /* Debug */,
				034D536028AA596000559467 /* Release */,
			);
			defaultConfigurationIsVisible = 0;
			defaultConfigurationName = Release;
		};
/* End XCConfigurationList section */
	};
	rootObject = 034D534828AA595E00559467 /* Project object */;
}
